
Microsoft Visual Studio Solution File, Format Version 12.00
# Visual Studio Version 16
VisualStudioVersion = 16.0.28922.388
MinimumVisualStudioVersion = 10.0.40219.1
Project("{FAE04EC0-301F-11D3-BF4B-00C04F79EFBC}") = "TriHalo", "TriHalo\TriHalo.csproj", "{0276113A-D5E6-42CB-AC85-8F01C6BA9E06}"
EndProject
Global
	GlobalSection(SolutionConfigurationPlatforms) = preSolution
		Debug|Any CPU = Debug|Any CPU
		Release|Any CPU = Release|Any CPU
	EndGlobalSection
	GlobalSection(ProjectConfigurationPlatforms) = postSolution
		{0276113A-D5E6-42CB-AC85-8F01C6BA9E06}.Debug|Any CPU.ActiveCfg = Debug|Any CPU
		{0276113A-D5E6-42CB-AC85-8F01C6BA9E06}.Debug|Any CPU.Build.0 = Debug|Any CPU
		{0276113A-D5E6-42CB-AC85-8F01C6BA9E06}.Release|Any CPU.ActiveCfg = Release|Any CPU
		{0276113A-D5E6-42CB-AC85-8F01C6BA9E06}.Release|Any CPU.Build.0 = Release|Any CPU
	EndGlobalSection
	GlobalSection(SolutionProperties) = preSolution
		HideSolutionNode = FALSE
	EndGlobalSection
	GlobalSection(ExtensibilityGlobals) = postSolution
		SolutionGuid = {5920054E-E0F8-459C-A7F7-22CC282B8042}
	EndGlobalSection
EndGlobal
