
Microsoft Visual Studio Solution File, Format Version 12.00
# Visual Studio Version 16
VisualStudioVersion = 16.0.29411.108
MinimumVisualStudioVersion = 10.0.40219.1
Project("{9A19103F-16F7-4668-BE54-9A1E7A4F7556}") = "TriHalo", "TriHalo\TriHalo.csproj", "{A9243699-73DD-420C-93DA-C97022D1C3C9}"
EndProject
Global
	GlobalSection(SolutionConfigurationPlatforms) = preSolution
		Debug|Any CPU = Debug|Any CPU
		Release|Any CPU = Release|Any CPU
	EndGlobalSection
	GlobalSection(ProjectConfigurationPlatforms) = postSolution
		{A9243699-73DD-420C-93DA-C97022D1C3C9}.Debug|Any CPU.ActiveCfg = Debug|Any CPU
		{A9243699-73DD-420C-93DA-C97022D1C3C9}.Debug|Any CPU.Build.0 = Debug|Any CPU
		{A9243699-73DD-420C-93DA-C97022D1C3C9}.Release|Any CPU.ActiveCfg = Release|Any CPU
		{A9243699-73DD-420C-93DA-C97022D1C3C9}.Release|Any CPU.Build.0 = Release|Any CPU
	EndGlobalSection
	GlobalSection(SolutionProperties) = preSolution
		HideSolutionNode = FALSE
	EndGlobalSection
	GlobalSection(ExtensibilityGlobals) = postSolution
		SolutionGuid = {32FBEC90-24C5-454F-8FAA-F780F28A63EF}
	EndGlobalSection
EndGlobal
